
Microsoft Visual Studio Solution File, Format Version 12.00
# Visual Studio Version 17
VisualStudioVersion = 17.14.37314.3 d17.14
MinimumVisualStudioVersion = 10.0.40219.1
Project("{FAE04EC0-301F-11D3-BF4B-00C04F79EFBC}") = "BillingSystem", "BillingSystem\BillingSystem.csproj", "{649A09B9-FA07-4140-8FFE-B07AE278232A}"
EndProject
Global
	GlobalSection(SolutionConfigurationPlatforms) = preSolution
		Debug|Any CPU = Debug|Any CPU
		Release|Any CPU = Release|Any CPU
	EndGlobalSection
	GlobalSection(ProjectConfigurationPlatforms) = postSolution
		{649A09B9-FA07-4140-8FFE-B07AE278232A}.Debug|Any CPU.ActiveCfg = Debug|Any CPU
		{649A09B9-FA07-4140-8FFE-B07AE278232A}.Debug|Any CPU.Build.0 = Debug|Any CPU
		{649A09B9-FA07-4140-8FFE-B07AE278232A}.Release|Any CPU.ActiveCfg = Release|Any CPU
		{649A09B9-FA07-4140-8FFE-B07AE278232A}.Release|Any CPU.Build.0 = Release|Any CPU
	EndGlobalSection
	GlobalSection(SolutionProperties) = preSolution
		HideSolutionNode = FALSE
	EndGlobalSection
	GlobalSection(ExtensibilityGlobals) = postSolution
		SolutionGuid = {4853A504-0684-4196-B386-1458B73A5D0C}
	EndGlobalSection
EndGlobal
